// !$*UTF8*$!
{
	archiveVersion = 1;
	classes = {
	};
	objectVersion = 50;
	objects = {

/* Begin PBXBuildFile section */
		A21C27E721728CF900D80605 /* MainTabBarController.swift in Sources */ = {isa = PBXBuildFile; fileRef = A21C27E621728CF900D80605 /* MainTabBarController.swift */; };
		A24C217F21A0D8C100AC80CB /* SalesViewController.swift in Sources */ = {isa = PBXBuildFile; fileRef = A24C217E21A0D8C100AC80CB /* SalesViewController.swift */; };
		A2FCE2422164272800A3B6D7 /* AppDelegate.swift in Sources */ = {isa = PBXBuildFile; fileRef = A2FCE2412164272800A3B6D7 /* AppDelegate.swift */; };
		A2FCE2472164272800A3B6D7 /* Main.storyboard in Resources */ = {isa = PBXBuildFile; fileRef = A2FCE2452164272800A3B6D7 /* Main.storyboard */; };
		A2FCE24A2164272800A3B6D7 /* GoldAward.xcdatamodeld in Sources */ = {isa = PBXBuildFile; fileRef = A2FCE2482164272800A3B6D7 /* GoldAward.xcdatamodeld */; };
		A2FCE24C2164272F00A3B6D7 /* Assets.xcassets in Resources */ = {isa = PBXBuildFile; fileRef = A2FCE24B2164272F00A3B6D7 /* Assets.xcassets */; };
		A2FCE24F2164273000A3B6D7 /* LaunchScreen.storyboard in Resources */ = {isa = PBXBuildFile; fileRef = A2FCE24D2164273000A3B6D7 /* LaunchScreen.storyboard */; };
/* End PBXBuildFile section */

/* Begin PBXFileReference section */
		A21C27E621728CF900D80605 /* MainTabBarController.swift */ = {isa = PBXFileReference; lastKnownFileType = sourcecode.swift; path = MainTabBarController.swift; sourceTree = "<group>"; };
		A24C217E21A0D8C100AC80CB /* SalesViewController.swift */ = {isa = PBXFileReference; lastKnownFileType = sourcecode.swift; path = SalesViewController.swift; sourceTree = "<group>"; };
		A2FCE23E2164272800A3B6D7 /* GoldAward.app */ = {isa = PBXFileReference; explicitFileType = wrapper.application; includeInIndex = 0; path = GoldAward.app; sourceTree = BUILT_PRODUCTS_DIR; };
		A2FCE2412164272800A3B6D7 /* AppDelegate.swift */ = {isa = PBXFileReference; lastKnownFileType = sourcecode.swift; path = AppDelegate.swift; sourceTree = "<group>"; };
		A2FCE2462164272800A3B6D7 /* Base */ = {isa = PBXFileReference; lastKnownFileType = file.storyboard; name = Base; path = Base.lproj/Main.storyboard; sourceTree = "<group>"; };
		A2FCE2492164272800A3B6D7 /* GoldAward.xcdatamodel */ = {isa = PBXFileReference; lastKnownFileType = wrapper.xcdatamodel; path = GoldAward.xcdatamodel; sourceTree = "<group>"; };
		A2FCE24B2164272F00A3B6D7 /* Assets.xcassets */ = {isa = PBXFileReference; lastKnownFileType = folder.assetcatalog; path = Assets.xcassets; sourceTree = "<group>"; };
		A2FCE24E2164273000A3B6D7 /* Base */ = {isa = PBXFileReference; lastKnownFileType = file.storyboard; name = Base; path = Base.lproj/LaunchScreen.storyboard; sourceTree = "<group>"; };
		A2FCE2502164273100A3B6D7 /* Info.plist */ = {isa = PBXFileReference; lastKnownFileType = text.plist.xml; path = Info.plist; sourceTree = "<group>"; };
/* End PBXFileReference section */

/* Begin PBXFrameworksBuildPhase section */
		A2FCE23B2164272800A3B6D7 /* Frameworks */ = {
			isa = PBXFrameworksBuildPhase;
			buildActionMask = 2147483647;
			files = (
			);
			runOnlyForDeploymentPostprocessing = 0;
		};
/* End PBXFrameworksBuildPhase section */

/* Begin PBXGroup section */
		A2FCE2352164272800A3B6D7 = {
			isa = PBXGroup;
			children = (
				A2FCE2402164272800A3B6D7 /* GoldAward */,
				A2FCE23F2164272800A3B6D7 /* Products */,
			);
			sourceTree = "<group>";
		};
		A2FCE23F2164272800A3B6D7 /* Products */ = {
			isa = PBXGroup;
			children = (
				A2FCE23E2164272800A3B6D7 /* GoldAward.app */,
			);
			name = Products;
			sourceTree = "<group>";
		};
		A2FCE2402164272800A3B6D7 /* GoldAward */ = {
			isa = PBXGroup;
			children = (
				A2FCE2412164272800A3B6D7 /* AppDelegate.swift */,
				A2FCE2452164272800A3B6D7 /* Main.storyboard */,
				A21C27E621728CF900D80605 /* MainTabBarController.swift */,
				A2FCE24B2164272F00A3B6D7 /* Assets.xcassets */,
				A2FCE24D2164273000A3B6D7 /* LaunchScreen.storyboard */,
				A2FCE2502164273100A3B6D7 /* Info.plist */,
				A2FCE2482164272800A3B6D7 /* GoldAward.xcdatamodeld */,
				A24C217E21A0D8C100AC80CB /* SalesViewController.swift */,
			);
			path = GoldAward;
			sourceTree = "<group>";
		};
/* End PBXGroup section */

/* Begin PBXNativeTarget section */
		A2FCE23D2164272800A3B6D7 /* GoldAward */ = {
			isa = PBXNativeTarget;
			buildConfigurationList = A2FCE2532164273100A3B6D7 /* Build configuration list for PBXNativeTarget "GoldAward" */;
			buildPhases = (
				A2FCE23A2164272800A3B6D7 /* Sources */,
				A2FCE23B2164272800A3B6D7 /* Frameworks */,
				A2FCE23C2164272800A3B6D7 /* Resources */,
			);
			buildRules = (
			);
			dependencies = (
			);
			name = GoldAward;
			productName = GoldAward;
			productReference = A2FCE23E2164272800A3B6D7 /* GoldAward.app */;
			productType = "com.apple.product-type.application";
		};
/* End PBXNativeTarget section */

/* Begin PBXProject section */
		A2FCE2362164272800A3B6D7 /* Project object */ = {
			isa = PBXProject;
			attributes = {
				LastSwiftUpdateCheck = 0940;
				LastUpgradeCheck = 0940;
				ORGANIZATIONNAME = "Wendy Barnes";
				TargetAttributes = {
					A2FCE23D2164272800A3B6D7 = {
						CreatedOnToolsVersion = 9.4.1;
					};
				};
			};
			buildConfigurationList = A2FCE2392164272800A3B6D7 /* Build configuration list for PBXProject "GoldAward" */;
			compatibilityVersion = "Xcode 9.3";
			developmentRegion = en;
			hasScannedForEncodings = 0;
			knownRegions = (
				en,
				Base,
			);
			mainGroup = A2FCE2352164272800A3B6D7;
			productRefGroup = A2FCE23F2164272800A3B6D7 /* Products */;
			projectDirPath = "";
			projectRoot = "";
			targets = (
				A2FCE23D2164272800A3B6D7 /* GoldAward */,
			);
		};
/* End PBXProject section */

/* Begin PBXResourcesBuildPhase section */
		A2FCE23C2164272800A3B6D7 /* Resources */ = {
			isa = PBXResourcesBuildPhase;
			buildActionMask = 2147483647;
			files = (
				A2FCE24F2164273000A3B6D7 /* LaunchScreen.storyboard in Resources */,
				A2FCE24C2164272F00A3B6D7 /* Assets.xcassets in Resources */,
				A2FCE2472164272800A3B6D7 /* Main.storyboard in Resources */,
			);
			runOnlyForDeploymentPostprocessing = 0;
		};
/* End PBXResourcesBuildPhase section */

/* Begin PBXSourcesBuildPhase section */
		A2FCE23A2164272800A3B6D7 /* Sources */ = {
			isa = PBXSourcesBuildPhase;
			buildActionMask = 2147483647;
			files = (
				A2FCE24A2164272800A3B6D7 /* GoldAward.xcdatamodeld in Sources */,
				A21C27E721728CF900D80605 /* MainTabBarController.swift in Sources */,
				A2FCE2422164272800A3B6D7 /* AppDelegate.swift in Sources */,
				A24C217F21A0D8C100AC80CB /* SalesViewController.swift in Sources */,
			);
			runOnlyForDeploymentPostprocessing = 0;
		};
/* End PBXSourcesBuildPhase section */

/* Begin PBXVariantGroup section */
		A2FCE2452164272800A3B6D7 /* Main.storyboard */ = {
			isa = PBXVariantGroup;
			children = (
				A2FCE2462164272800A3B6D7 /* Base */,
			);
			name = Main.storyboard;
			sourceTree = "<group>";
		};
		A2FCE24D2164273000A3B6D7 /* LaunchScreen.storyboard */ = {
			isa = PBXVariantGroup;
			children = (
				A2FCE24E2164273000A3B6D7 /* Base */,
			);
			name = LaunchScreen.storyboard;
			sourceTree = "<group>";
		};
/* End PBXVariantGroup section */

/* Begin XCBuildConfiguration section */
		A2FCE2512164273100A3B6D7 /* Debug */ = {
			isa = XCBuildConfiguration;
			buildSettings = {
				ALWAYS_SEARCH_USER_PATHS = NO;
				CLANG_ANALYZER_NONNULL = YES;
				CLANG_ANALYZER_NUMBER_OBJECT_CONVERSION = YES_AGGRESSIVE;
				CLANG_CXX_LANGUAGE_STANDARD = "gnu++14";
				CLANG_CXX_LIBRARY = "libc++";
				CLANG_ENABLE_MODULES = YES;
				CLANG_ENABLE_OBJC_ARC = YES;
				CLANG_ENABLE_OBJC_WEAK = YES;
				CLANG_WARN_BLOCK_CAPTURE_AUTORELEASING = YES;
				CLANG_WARN_BOOL_CONVERSION = YES;
				CLANG_WARN_COMMA = YES;
				CLANG_WARN_CONSTANT_CONVERSION = YES;
				CLANG_WARN_DEPRECATED_OBJC_IMPLEMENTATIONS = YES;
				CLANG_WARN_DIRECT_OBJC_ISA_USAGE = YES_ERROR;
				CLANG_WARN_DOCUMENTATION_COMMENTS = YES;
				CLANG_WARN_EMPTY_BODY = YES;
				CLANG_WARN_ENUM_CONVERSION = YES;
				CLANG_WARN_INFINITE_RECURSION = YES;
				CLANG_WARN_INT_CONVERSION = YES;
				CLANG_WARN_NON_LITERAL_NULL_CONVERSION = YES;
				CLANG_WARN_OBJC_IMPLICIT_RETAIN_SELF = YES;
				CLANG_WARN_OBJC_LITERAL_CONVERSION = YES;
				CLANG_WARN_OBJC_ROOT_CLASS = YES_ERROR;
				CLANG_WARN_RANGE_LOOP_ANALYSIS = YES;
				CLANG_WARN_STRICT_PROTOTYPES = YES;
				CLANG_WARN_SUSPICIOUS_MOVE = YES;
				CLANG_WARN_UNGUARDED_AVAILABILITY = YES_AGGRESSIVE;
				CLANG_WARN_UNREACHABLE_CODE = YES;
				CLANG_WARN__DUPLICATE_METHOD_MATCH = YES;
				CODE_SIGN_IDENTITY = "iPhone Developer";
				COPY_PHASE_STRIP = NO;
				DEBUG_INFORMATION_FORMAT = dwarf;
				ENABLE_STRICT_OBJC_MSGSEND = YES;
				ENABLE_TESTABILITY = YES;
				GCC_C_LANGUAGE_STANDARD = gnu11;
				GCC_DYNAMIC_NO_PIC = NO;
				GCC_NO_COMMON_BLOCKS = YES;
				GCC_OPTIMIZATION_LEVEL = 0;
				GCC_PREPROCESSOR_DEFINITIONS = (
					"DEBUG=1",
					"$(inherited)",
				);
				GCC_WARN_64_TO_32_BIT_CONVERSION = YES;
				GCC_WARN_ABOUT_RETURN_TYPE = YES_ERROR;
				GCC_WARN_UNDECLARED_SELECTOR = YES;
				GCC_WARN_UNINITIALIZED_AUTOS = YES_AGGRESSIVE;
				GCC_WARN_UNUSED_FUNCTION = YES;
				GCC_WARN_UNUSED_VARIABLE = YES;
				IPHONEOS_DEPLOYMENT_TARGET = 11.4;
				MTL_ENABLE_DEBUG_INFO = YES;
				ONLY_ACTIVE_ARCH = YES;
				SDKROOT = iphoneos;
				SWIFT_ACTIVE_COMPILATION_CONDITIONS = DEBUG;
				SWIFT_OPTIMIZATION_LEVEL = "-Onone";
			};
			name = Debug;
		};
		A2FCE2522164273100A3B6D7 /* Release */ = {
			isa = XCBuildConfiguration;
			buildSettings = {
				ALWAYS_SEARCH_USER_PATHS = NO;
				CLANG_ANALYZER_NONNULL = YES;
				CLANG_ANALYZER_NUMBER_OBJECT_CONVERSION = YES_AGGRESSIVE;
				CLANG_CXX_LANGUAGE_STANDARD = "gnu++14";
				CLANG_CXX_LIBRARY = "libc++";
				CLANG_ENABLE_MODULES = YES;
				CLANG_ENABLE_OBJC_ARC = YES;
				CLANG_ENABLE_OBJC_WEAK = YES;
				CLANG_WARN_BLOCK_CAPTURE_AUTORELEASING = YES;
				CLANG_WARN_BOOL_CONVERSION = YES;
				CLANG_WARN_COMMA = YES;
				CLANG_WARN_CONSTANT_CONVERSION = YES;
				CLANG_WARN_DEPRECATED_OBJC_IMPLEMENTATIONS = YES;
				CLANG_WARN_DIRECT_OBJC_ISA_USAGE = YES_ERROR;
				CLANG_WARN_DOCUMENTATION_COMMENTS = YES;
				CLANG_WARN_EMPTY_BODY = YES;
				CLANG_WARN_ENUM_CONVERSION = YES;
				CLANG_WARN_INFINITE_RECURSION = YES;
				CLANG_WARN_INT_CONVERSION = YES;
				CLANG_WARN_NON_LITERAL_NULL_CONVERSION = YES;
				CLANG_WARN_OBJC_IMPLICIT_RETAIN_SELF = YES;
				CLANG_WARN_OBJC_LITERAL_CONVERSION = YES;
				CLANG_WARN_OBJC_ROOT_CLASS = YES_ERROR;
				CLANG_WARN_RANGE_LOOP_ANALYSIS = YES;
				CLANG_WARN_STRICT_PROTOTYPES = YES;
				CLANG_WARN_SUSPICIOUS_MOVE = YES;
				CLANG_WARN_UNGUARDED_AVAILABILITY = YES_AGGRESSIVE;
				CLANG_WARN_UNREACHABLE_CODE = YES;
				CLANG_WARN__DUPLICATE_METHOD_MATCH = YES;
				CODE_SIGN_IDENTITY = "iPhone Developer";
				COPY_PHASE_STRIP = NO;
				DEBUG_INFORMATION_FORMAT = "dwarf-with-dsym";
				ENABLE_NS_ASSERTIONS = NO;
				ENABLE_STRICT_OBJC_MSGSEND = YES;
				GCC_C_LANGUAGE_STANDARD = gnu11;
				GCC_NO_COMMON_BLOCKS = YES;
				GCC_WARN_64_TO_32_BIT_CONVERSION = YES;
				GCC_WARN_ABOUT_RETURN_TYPE = YES_ERROR;
				GCC_WARN_UNDECLARED_SELECTOR = YES;
				GCC_WARN_UNINITIALIZED_AUTOS = YES_AGGRESSIVE;
				GCC_WARN_UNUSED_FUNCTION = YES;
				GCC_WARN_UNUSED_VARIABLE = YES;
				IPHONEOS_DEPLOYMENT_TARGET = 11.4;
				MTL_ENABLE_DEBUG_INFO = NO;
				SDKROOT = iphoneos;
				SWIFT_COMPILATION_MODE = wholemodule;
				SWIFT_OPTIMIZATION_LEVEL = "-O";
				VALIDATE_PRODUCT = YES;
			};
			name = Release;
		};
		A2FCE2542164273100A3B6D7 /* Debug */ = {
			isa = XCBuildConfiguration;
			buildSettings = {
				ASSETCATALOG_COMPILER_APPICON_NAME = AppIcon;
				CODE_SIGN_STYLE = Automatic;
				INFOPLIST_FILE = GoldAward/Info.plist;
				LD_RUNPATH_SEARCH_PATHS = (
					"$(inherited)",
					"@executable_path/Frameworks",
				);
				PRODUCT_BUNDLE_IDENTIFIER = com.WendyBarnes.GoldAward;
				PRODUCT_NAME = "$(TARGET_NAME)";
				SWIFT_VERSION = 4.0;
				TARGETED_DEVICE_FAMILY = "1,2";
			};
			name = Debug;
		};
		A2FCE2552164273100A3B6D7 /* Release */ = {
			isa = XCBuildConfiguration;
			buildSettings = {
				ASSETCATALOG_COMPILER_APPICON_NAME = AppIcon;
				CODE_SIGN_STYLE = Automatic;
				INFOPLIST_FILE = GoldAward/Info.plist;
				LD_RUNPATH_SEARCH_PATHS = (
					"$(inherited)",
					"@executable_path/Frameworks",
				);
				PRODUCT_BUNDLE_IDENTIFIER = com.WendyBarnes.GoldAward;
				PRODUCT_NAME = "$(TARGET_NAME)";
				SWIFT_VERSION = 4.0;
				TARGETED_DEVICE_FAMILY = "1,2";
			};
			name = Release;
		};
/* End XCBuildConfiguration section */

/* Begin XCConfigurationList section */
		A2FCE2392164272800A3B6D7 /* Build configuration list for PBXProject "GoldAward" */ = {
			isa = XCConfigurationList;
			buildConfigurations = (
				A2FCE2512164273100A3B6D7 /* Debug */,
				A2FCE2522164273100A3B6D7 /* Release */,
			);
			defaultConfigurationIsVisible = 0;
			defaultConfigurationName = Release;
		};
		A2FCE2532164273100A3B6D7 /* Build configuration list for PBXNativeTarget "GoldAward" */ = {
			isa = XCConfigurationList;
			buildConfigurations = (
				A2FCE2542164273100A3B6D7 /* Debug */,
				A2FCE2552164273100A3B6D7 /* Release */,
			);
			defaultConfigurationIsVisible = 0;
			defaultConfigurationName = Release;
		};
/* End XCConfigurationList section */

/* Begin XCVersionGroup section */
		A2FCE2482164272800A3B6D7 /* GoldAward.xcdatamodeld */ = {
			isa = XCVersionGroup;
			children = (
				A2FCE2492164272800A3B6D7 /* GoldAward.xcdatamodel */,
			);
			currentVersion = A2FCE2492164272800A3B6D7 /* GoldAward.xcdatamodel */;
			path = GoldAward.xcdatamodeld;
			sourceTree = "<group>";
			versionGroupType = wrapper.xcdatamodel;
		};
/* End XCVersionGroup section */
	};
	rootObject = A2FCE2362164272800A3B6D7 /* Project object */;
}
